
Microsoft Visual Studio Solution File, Format Version 12.00
# Visual Studio for Mac
Project("{FAE04EC0-301F-11D3-BF4B-00C04F79EFBC}") = "Assembly-CSharp", "Assembly-CSharp.csproj", "{F3A05AB6-2948-2151-50E1-424133F0AF25}"
EndProject
Global
	GlobalSection(SolutionConfigurationPlatforms) = preSolution
		Debug|Any CPU = Debug|Any CPU
		Release|Any CPU = Release|Any CPU
	EndGlobalSection
	GlobalSection(ProjectConfigurationPlatforms) = postSolution
		{F3A05AB6-2948-2151-50E1-424133F0AF25}.Debug|Any CPU.ActiveCfg = Debug|Any CPU
		{F3A05AB6-2948-2151-50E1-424133F0AF25}.Debug|Any CPU.Build.0 = Debug|Any CPU
		{F3A05AB6-2948-2151-50E1-424133F0AF25}.Release|Any CPU.ActiveCfg = Release|Any CPU
		{F3A05AB6-2948-2151-50E1-424133F0AF25}.Release|Any CPU.Build.0 = Release|Any CPU
	EndGlobalSection
	GlobalSection(SolutionProperties) = preSolution
		HideSolutionNode = FALSE
	EndGlobalSection
EndGlobal
